// !$*UTF8*$!
{
	archiveVersion = 1;
	classes = {
	};
	objectVersion = 50;
	objects = {

/* Begin PBXBuildFile section */
		ADF7949E2217D98B007E7BED /* AppDelegate.swift in Sources */ = {isa = PBXBuildFile; fileRef = ADF7949D2217D98B007E7BED /* AppDelegate.swift */; };
		ADF794A02217D98B007E7BED /* ToDoViewController.swift in Sources */ = {isa = PBXBuildFile; fileRef = ADF7949F2217D98B007E7BED /* ToDoViewController.swift */; };
		ADF794A32217D98B007E7BED /* Main.storyboard in Resources */ = {isa = PBXBuildFile; fileRef = ADF794A12217D98B007E7BED /* Main.storyboard */; };
		ADF794A52217D98E007E7BED /* Assets.xcassets in Resources */ = {isa = PBXBuildFile; fileRef = ADF794A42217D98E007E7BED /* Assets.xcassets */; };
		ADF794A82217D98E007E7BED /* LaunchScreen.storyboard in Resources */ = {isa = PBXBuildFile; fileRef = ADF794A62217D98E007E7BED /* LaunchScreen.storyboard */; };
		ADF794D82218C6DF007E7BED /* DataModel.xcdatamodeld in Sources */ = {isa = PBXBuildFile; fileRef = ADF794D62218C6DF007E7BED /* DataModel.xcdatamodeld */; };
/* End PBXBuildFile section */

/* Begin PBXFileReference section */
		ADF7949A2217D98B007E7BED /* ToDoer.app */ = {isa = PBXFileReference; explicitFileType = wrapper.application; includeInIndex = 0; path = ToDoer.app; sourceTree = BUILT_PRODUCTS_DIR; };
		ADF7949D2217D98B007E7BED /* AppDelegate.swift */ = {isa = PBXFileReference; lastKnownFileType = sourcecode.swift; path = AppDelegate.swift; sourceTree = "<group>"; };
		ADF7949F2217D98B007E7BED /* ToDoViewController.swift */ = {isa = PBXFileReference; lastKnownFileType = sourcecode.swift; path = ToDoViewController.swift; sourceTree = "<group>"; wrapsLines = 0; };
		ADF794A22217D98B007E7BED /* Base */ = {isa = PBXFileReference; lastKnownFileType = file.storyboard; name = Base; path = Base.lproj/Main.storyboard; sourceTree = "<group>"; };
		ADF794A42217D98E007E7BED /* Assets.xcassets */ = {isa = PBXFileReference; lastKnownFileType = folder.assetcatalog; path = Assets.xcassets; sourceTree = "<group>"; };
		ADF794A72217D98E007E7BED /* Base */ = {isa = PBXFileReference; lastKnownFileType = file.storyboard; name = Base; path = Base.lproj/LaunchScreen.storyboard; sourceTree = "<group>"; };
		ADF794A92217D98E007E7BED /* Info.plist */ = {isa = PBXFileReference; lastKnownFileType = text.plist.xml; path = Info.plist; sourceTree = "<group>"; };
		ADF794D72218C6DF007E7BED /* DataModel.xcdatamodel */ = {isa = PBXFileReference; lastKnownFileType = wrapper.xcdatamodel; path = DataModel.xcdatamodel; sourceTree = "<group>"; };
/* End PBXFileReference section */

/* Begin PBXFrameworksBuildPhase section */
		ADF794972217D98B007E7BED /* Frameworks */ = {
			isa = PBXFrameworksBuildPhase;
			buildActionMask = 2147483647;
			files = (
			);
			runOnlyForDeploymentPostprocessing = 0;
		};
/* End PBXFrameworksBuildPhase section */

/* Begin PBXGroup section */
		ADF794912217D98A007E7BED = {
			isa = PBXGroup;
			children = (
				ADF7949C2217D98B007E7BED /* ToDoer */,
				ADF7949B2217D98B007E7BED /* Products */,
			);
			sourceTree = "<group>";
		};
		ADF7949B2217D98B007E7BED /* Products */ = {
			isa = PBXGroup;
			children = (
				ADF7949A2217D98B007E7BED /* ToDoer.app */,
			);
			name = Products;
			sourceTree = "<group>";
		};
		ADF7949C2217D98B007E7BED /* ToDoer */ = {
			isa = PBXGroup;
			children = (
				ADF7949D2217D98B007E7BED /* AppDelegate.swift */,
				ADF794B322180191007E7BED /* Views */,
				ADF794B222180182007E7BED /* Model */,
				ADF794B122180173007E7BED /* Controllers */,
				ADF794B4221801AF007E7BED /* Supporting Files */,
				ADF794A92217D98E007E7BED /* Info.plist */,
			);
			path = ToDoer;
			sourceTree = "<group>";
		};
		ADF794B122180173007E7BED /* Controllers */ = {
			isa = PBXGroup;
			children = (
				ADF7949F2217D98B007E7BED /* ToDoViewController.swift */,
			);
			path = Controllers;
			sourceTree = "<group>";
		};
		ADF794B222180182007E7BED /* Model */ = {
			isa = PBXGroup;
			children = (
				ADF794D62218C6DF007E7BED /* DataModel.xcdatamodeld */,
			);
			path = Model;
			sourceTree = "<group>";
		};
		ADF794B322180191007E7BED /* Views */ = {
			isa = PBXGroup;
			children = (
				ADF794A12217D98B007E7BED /* Main.storyboard */,
			);
			path = Views;
			sourceTree = "<group>";
		};
		ADF794B4221801AF007E7BED /* Supporting Files */ = {
			isa = PBXGroup;
			children = (
				ADF794A42217D98E007E7BED /* Assets.xcassets */,
				ADF794A62217D98E007E7BED /* LaunchScreen.storyboard */,
			);
			path = "Supporting Files";
			sourceTree = "<group>";
		};
/* End PBXGroup section */

/* Begin PBXNativeTarget section */
		ADF794992217D98B007E7BED /* ToDoer */ = {
			isa = PBXNativeTarget;
			buildConfigurationList = ADF794AC2217D98E007E7BED /* Build configuration list for PBXNativeTarget "ToDoer" */;
			buildPhases = (
				ADF794962217D98B007E7BED /* Sources */,
				ADF794972217D98B007E7BED /* Frameworks */,
				ADF794982217D98B007E7BED /* Resources */,
			);
			buildRules = (
			);
			dependencies = (
			);
			name = ToDoer;
			productName = ToDoer;
			productReference = ADF7949A2217D98B007E7BED /* ToDoer.app */;
			productType = "com.apple.product-type.application";
		};
/* End PBXNativeTarget section */

/* Begin PBXProject section */
		ADF794922217D98A007E7BED /* Project object */ = {
			isa = PBXProject;
			attributes = {
				LastSwiftUpdateCheck = 1010;
				LastUpgradeCheck = 1010;
				ORGANIZATIONNAME = Idunknow;
				TargetAttributes = {
					ADF794992217D98B007E7BED = {
						CreatedOnToolsVersion = 10.1;
					};
				};
			};
			buildConfigurationList = ADF794952217D98A007E7BED /* Build configuration list for PBXProject "ToDoer" */;
			compatibilityVersion = "Xcode 9.3";
			developmentRegion = en;
			hasScannedForEncodings = 0;
			knownRegions = (
				en,
				Base,
			);
			mainGroup = ADF794912217D98A007E7BED;
			productRefGroup = ADF7949B2217D98B007E7BED /* Products */;
			projectDirPath = "";
			projectRoot = "";
			targets = (
				ADF794992217D98B007E7BED /* ToDoer */,
			);
		};
/* End PBXProject section */

/* Begin PBXResourcesBuildPhase section */
		ADF794982217D98B007E7BED /* Resources */ = {
			isa = PBXResourcesBuildPhase;
			buildActionMask = 2147483647;
			files = (
				ADF794A82217D98E007E7BED /* LaunchScreen.storyboard in Resources */,
				ADF794A52217D98E007E7BED /* Assets.xcassets in Resources */,
				ADF794A32217D98B007E7BED /* Main.storyboard in Resources */,
			);
			runOnlyForDeploymentPostprocessing = 0;
		};
/* End PBXResourcesBuildPhase section */

/* Begin PBXSourcesBuildPhase section */
		ADF794962217D98B007E7BED /* Sources */ = {
			isa = PBXSourcesBuildPhase;
			buildActionMask = 2147483647;
			files = (
				ADF794A02217D98B007E7BED /* ToDoViewController.swift in Sources */,
				ADF794D82218C6DF007E7BED /* DataModel.xcdatamodeld in Sources */,
				ADF7949E2217D98B007E7BED /* AppDelegate.swift in Sources */,
			);
			runOnlyForDeploymentPostprocessing = 0;
		};
/* End PBXSourcesBuildPhase section */

/* Begin PBXVariantGroup section */
		ADF794A12217D98B007E7BED /* Main.storyboard */ = {
			isa = PBXVariantGroup;
			children = (
				ADF794A22217D98B007E7BED /* Base */,
			);
			name = Main.storyboard;
			sourceTree = "<group>";
		};
		ADF794A62217D98E007E7BED /* LaunchScreen.storyboard */ = {
			isa = PBXVariantGroup;
			children = (
				ADF794A72217D98E007E7BED /* Base */,
			);
			name = LaunchScreen.storyboard;
			sourceTree = "<group>";
		};
/* End PBXVariantGroup section */

/* Begin XCBuildConfiguration section */
		ADF794AA2217D98E007E7BED /* Debug */ = {
			isa = XCBuildConfiguration;
			buildSettings = {
				ALWAYS_SEARCH_USER_PATHS = NO;
				CLANG_ANALYZER_NONNULL = YES;
				CLANG_ANALYZER_NUMBER_OBJECT_CONVERSION = YES_AGGRESSIVE;
				CLANG_CXX_LANGUAGE_STANDARD = "gnu++14";
				CLANG_CXX_LIBRARY = "libc++";
				CLANG_ENABLE_MODULES = YES;
				CLANG_ENABLE_OBJC_ARC = YES;
				CLANG_ENABLE_OBJC_WEAK = YES;
				CLANG_WARN_BLOCK_CAPTURE_AUTORELEASING = YES;
				CLANG_WARN_BOOL_CONVERSION = YES;
				CLANG_WARN_COMMA = YES;
				CLANG_WARN_CONSTANT_CONVERSION = YES;
				CLANG_WARN_DEPRECATED_OBJC_IMPLEMENTATIONS = YES;
				CLANG_WARN_DIRECT_OBJC_ISA_USAGE = YES_ERROR;
				CLANG_WARN_DOCUMENTATION_COMMENTS = YES;
				CLANG_WARN_EMPTY_BODY = YES;
				CLANG_WARN_ENUM_CONVERSION = YES;
				CLANG_WARN_INFINITE_RECURSION = YES;
				CLANG_WARN_INT_CONVERSION = YES;
				CLANG_WARN_NON_LITERAL_NULL_CONVERSION = YES;
				CLANG_WARN_OBJC_IMPLICIT_RETAIN_SELF = YES;
				CLANG_WARN_OBJC_LITERAL_CONVERSION = YES;
				CLANG_WARN_OBJC_ROOT_CLASS = YES_ERROR;
				CLANG_WARN_RANGE_LOOP_ANALYSIS = YES;
				CLANG_WARN_STRICT_PROTOTYPES = YES;
				CLANG_WARN_SUSPICIOUS_MOVE = YES;
				CLANG_WARN_UNGUARDED_AVAILABILITY = YES_AGGRESSIVE;
				CLANG_WARN_UNREACHABLE_CODE = YES;
				CLANG_WARN__DUPLICATE_METHOD_MATCH = YES;
				CODE_SIGN_IDENTITY = "iPhone Developer";
				COPY_PHASE_STRIP = NO;
				DEBUG_INFORMATION_FORMAT = dwarf;
				ENABLE_STRICT_OBJC_MSGSEND = YES;
				ENABLE_TESTABILITY = YES;
				GCC_C_LANGUAGE_STANDARD = gnu11;
				GCC_DYNAMIC_NO_PIC = NO;
				GCC_NO_COMMON_BLOCKS = YES;
				GCC_OPTIMIZATION_LEVEL = 0;
				GCC_PREPROCESSOR_DEFINITIONS = (
					"DEBUG=1",
					"$(inherited)",
				);
				GCC_WARN_64_TO_32_BIT_CONVERSION = YES;
				GCC_WARN_ABOUT_RETURN_TYPE = YES_ERROR;
				GCC_WARN_UNDECLARED_SELECTOR = YES;
				GCC_WARN_UNINITIALIZED_AUTOS = YES_AGGRESSIVE;
				GCC_WARN_UNUSED_FUNCTION = YES;
				GCC_WARN_UNUSED_VARIABLE = YES;
				IPHONEOS_DEPLOYMENT_TARGET = 12.1;
				MTL_ENABLE_DEBUG_INFO = INCLUDE_SOURCE;
				MTL_FAST_MATH = YES;
				ONLY_ACTIVE_ARCH = YES;
				SDKROOT = iphoneos;
				SWIFT_ACTIVE_COMPILATION_CONDITIONS = DEBUG;
				SWIFT_OPTIMIZATION_LEVEL = "-Onone";
			};
			name = Debug;
		};
		ADF794AB2217D98E007E7BED /* Release */ = {
			isa = XCBuildConfiguration;
			buildSettings = {
				ALWAYS_SEARCH_USER_PATHS = NO;
				CLANG_ANALYZER_NONNULL = YES;
				CLANG_ANALYZER_NUMBER_OBJECT_CONVERSION = YES_AGGRESSIVE;
				CLANG_CXX_LANGUAGE_STANDARD = "gnu++14";
				CLANG_CXX_LIBRARY = "libc++";
				CLANG_ENABLE_MODULES = YES;
				CLANG_ENABLE_OBJC_ARC = YES;
				CLANG_ENABLE_OBJC_WEAK = YES;
				CLANG_WARN_BLOCK_CAPTURE_AUTORELEASING = YES;
				CLANG_WARN_BOOL_CONVERSION = YES;
				CLANG_WARN_COMMA = YES;
				CLANG_WARN_CONSTANT_CONVERSION = YES;
				CLANG_WARN_DEPRECATED_OBJC_IMPLEMENTATIONS = YES;
				CLANG_WARN_DIRECT_OBJC_ISA_USAGE = YES_ERROR;
				CLANG_WARN_DOCUMENTATION_COMMENTS = YES;
				CLANG_WARN_EMPTY_BODY = YES;
				CLANG_WARN_ENUM_CONVERSION = YES;
				CLANG_WARN_INFINITE_RECURSION = YES;
				CLANG_WARN_INT_CONVERSION = YES;
				CLANG_WARN_NON_LITERAL_NULL_CONVERSION = YES;
				CLANG_WARN_OBJC_IMPLICIT_RETAIN_SELF = YES;
				CLANG_WARN_OBJC_LITERAL_CONVERSION = YES;
				CLANG_WARN_OBJC_ROOT_CLASS = YES_ERROR;
				CLANG_WARN_RANGE_LOOP_ANALYSIS = YES;
				CLANG_WARN_STRICT_PROTOTYPES = YES;
				CLANG_WARN_SUSPICIOUS_MOVE = YES;
				CLANG_WARN_UNGUARDED_AVAILABILITY = YES_AGGRESSIVE;
				CLANG_WARN_UNREACHABLE_CODE = YES;
				CLANG_WARN__DUPLICATE_METHOD_MATCH = YES;
				CODE_SIGN_IDENTITY = "iPhone Developer";
				COPY_PHASE_STRIP = NO;
				DEBUG_INFORMATION_FORMAT = "dwarf-with-dsym";
				ENABLE_NS_ASSERTIONS = NO;
				ENABLE_STRICT_OBJC_MSGSEND = YES;
				GCC_C_LANGUAGE_STANDARD = gnu11;
				GCC_NO_COMMON_BLOCKS = YES;
				GCC_WARN_64_TO_32_BIT_CONVERSION = YES;
				GCC_WARN_ABOUT_RETURN_TYPE = YES_ERROR;
				GCC_WARN_UNDECLARED_SELECTOR = YES;
				GCC_WARN_UNINITIALIZED_AUTOS = YES_AGGRESSIVE;
				GCC_WARN_UNUSED_FUNCTION = YES;
				GCC_WARN_UNUSED_VARIABLE = YES;
				IPHONEOS_DEPLOYMENT_TARGET = 12.1;
				MTL_ENABLE_DEBUG_INFO = NO;
				MTL_FAST_MATH = YES;
				SDKROOT = iphoneos;
				SWIFT_COMPILATION_MODE = wholemodule;
				SWIFT_OPTIMIZATION_LEVEL = "-O";
				VALIDATE_PRODUCT = YES;
			};
			name = Release;
		};
		ADF794AD2217D98E007E7BED /* Debug */ = {
			isa = XCBuildConfiguration;
			buildSettings = {
				ASSETCATALOG_COMPILER_APPICON_NAME = AppIcon;
				CODE_SIGN_STYLE = Automatic;
				DEVELOPMENT_TEAM = S58QJ4E424;
				INFOPLIST_FILE = ToDoer/Info.plist;
				LD_RUNPATH_SEARCH_PATHS = (
					"$(inherited)",
					"@executable_path/Frameworks",
				);
				PRODUCT_BUNDLE_IDENTIFIER = com.donaldnguyen.ToDoer;
				PRODUCT_NAME = "$(TARGET_NAME)";
				SWIFT_VERSION = 4.2;
				TARGETED_DEVICE_FAMILY = "1,2";
			};
			name = Debug;
		};
		ADF794AE2217D98E007E7BED /* Release */ = {
			isa = XCBuildConfiguration;
			buildSettings = {
				ASSETCATALOG_COMPILER_APPICON_NAME = AppIcon;
				CODE_SIGN_STYLE = Automatic;
				DEVELOPMENT_TEAM = S58QJ4E424;
				INFOPLIST_FILE = ToDoer/Info.plist;
				LD_RUNPATH_SEARCH_PATHS = (
					"$(inherited)",
					"@executable_path/Frameworks",
				);
				PRODUCT_BUNDLE_IDENTIFIER = com.donaldnguyen.ToDoer;
				PRODUCT_NAME = "$(TARGET_NAME)";
				SWIFT_VERSION = 4.2;
				TARGETED_DEVICE_FAMILY = "1,2";
			};
			name = Release;
		};
/* End XCBuildConfiguration section */

/* Begin XCConfigurationList section */
		ADF794952217D98A007E7BED /* Build configuration list for PBXProject "ToDoer" */ = {
			isa = XCConfigurationList;
			buildConfigurations = (
				ADF794AA2217D98E007E7BED /* Debug */,
				ADF794AB2217D98E007E7BED /* Release */,
			);
			defaultConfigurationIsVisible = 0;
			defaultConfigurationName = Release;
		};
		ADF794AC2217D98E007E7BED /* Build configuration list for PBXNativeTarget "ToDoer" */ = {
			isa = XCConfigurationList;
			buildConfigurations = (
				ADF794AD2217D98E007E7BED /* Debug */,
				ADF794AE2217D98E007E7BED /* Release */,
			);
			defaultConfigurationIsVisible = 0;
			defaultConfigurationName = Release;
		};
/* End XCConfigurationList section */

/* Begin XCVersionGroup section */
		ADF794D62218C6DF007E7BED /* DataModel.xcdatamodeld */ = {
			isa = XCVersionGroup;
			children = (
				ADF794D72218C6DF007E7BED /* DataModel.xcdatamodel */,
			);
			currentVersion = ADF794D72218C6DF007E7BED /* DataModel.xcdatamodel */;
			path = DataModel.xcdatamodeld;
			sourceTree = "<group>";
			versionGroupType = wrapper.xcdatamodel;
		};
/* End XCVersionGroup section */
	};
	rootObject = ADF794922217D98A007E7BED /* Project object */;
}
